
Microsoft Visual Studio Solution File, Format Version 12.00
# Visual Studio Version 17
VisualStudioVersion = 17.4.33103.184
MinimumVisualStudioVersion = 10.0.40219.1
Project("{FAE04EC0-301F-11D3-BF4B-00C04F79EFBC}") = "Jogo da Forca - V.FINAL", "Jogo da Forca - V.FINAL\Jogo da Forca - V.FINAL.csproj", "{5654DC8E-C9A6-4C0A-B494-5A26483D30DD}"
EndProject
Global
	GlobalSection(SolutionConfigurationPlatforms) = preSolution
		Debug|Any CPU = Debug|Any CPU
		Release|Any CPU = Release|Any CPU
	EndGlobalSection
	GlobalSection(ProjectConfigurationPlatforms) = postSolution
		{5654DC8E-C9A6-4C0A-B494-5A26483D30DD}.Debug|Any CPU.ActiveCfg = Debug|Any CPU
		{5654DC8E-C9A6-4C0A-B494-5A26483D30DD}.Debug|Any CPU.Build.0 = Debug|Any CPU
		{5654DC8E-C9A6-4C0A-B494-5A26483D30DD}.Release|Any CPU.ActiveCfg = Release|Any CPU
		{5654DC8E-C9A6-4C0A-B494-5A26483D30DD}.Release|Any CPU.Build.0 = Release|Any CPU
	EndGlobalSection
	GlobalSection(SolutionProperties) = preSolution
		HideSolutionNode = FALSE
	EndGlobalSection
	GlobalSection(ExtensibilityGlobals) = postSolution
		SolutionGuid = {1FCBD8BD-7C1D-4FFF-9742-D12AB6CF0AC3}
	EndGlobalSection
EndGlobal
